<?xml version="1.0" encoding="utf-8"?>
<Project ToolsVersion="4.0" xmlns="http://schemas.microsoft.com/developer/msbuild/2003">
  <ItemGroup>
    <Filter Include="src">
      <UniqueIdentifier>{e2241f26-bac0-4627-b564-6a96c2deb0f4}</UniqueIdentifier>
      <Extensions>cpp;c;cxx;rc;def;r;odl;idl;hpj;bat</Extensions>
    </Filter>
    <Filter Include="src\tools">
      <UniqueIdentifier>{524677ab-f87b-41e8-97aa-d65e23fc6996}</UniqueIdentifier>
    </Filter>
    <Filter Include="src\tools\ta_regtest">
      <UniqueIdentifier>{6d19b2d3-6f9e-444b-a9a6-a6c876a12ff9}</UniqueIdentifier>
    </Filter>
    <Filter Include="src\tools\ta_regtest\ta_test_func">
      <UniqueIdentifier>{86c84a32-db2e-4d52-acb1-49e51c800070}</UniqueIdentifier>
    </Filter>
    <Filter Include="include">
      <UniqueIdentifier>{8271ada4-f78a-4ac9-9f69-11ef6ff991bb}</UniqueIdentifier>
      <Extensions>h;hpp;hxx;hm;inl</Extensions>
    </Filter>
  </ItemGroup>
  <ItemGroup>
    <ClInclude Include="..\..\..\..\src\tools\ta_regtest\ta_error_number.h">
      <Filter>src\tools\ta_regtest</Filter>
    </ClInclude>
    <ClInclude Include="..\..\..\..\src\tools\ta_regtest\ta_test_func.h">
      <Filter>src\tools\ta_regtest</Filter>
    </ClInclude>
    <ClInclude Include="..\..\..\..\src\tools\ta_regtest\ta_test_priv.h">
      <Filter>src\tools\ta_regtest</Filter>
    </ClInclude>
    <ClInclude Include="..\..\..\..\include\ta_libc.h">
      <Filter>include</Filter>
    </ClInclude>
  </ItemGroup>
  <ItemGroup>
    <ClCompile Include="..\..\..\..\src\tools\ta_regtest\ta_regtest.c">
      <Filter>src\tools\ta_regtest</Filter>
    </ClCompile>
    <ClCompile Include="..\..\..\..\src\tools\ta_regtest\test_abstract.c">
      <Filter>src\tools\ta_regtest</Filter>
    </ClCompile>
    <ClCompile Include="..\..\..\..\src\tools\ta_regtest\test_data.c">
      <Filter>src\tools\ta_regtest</Filter>
    </ClCompile>
    <ClCompile Include="..\..\..\..\src\tools\ta_regtest\test_internals.c">
      <Filter>src\tools\ta_regtest</Filter>
    </ClCompile>
    <ClCompile Include="..\..\..\..\src\tools\ta_regtest\test_util.c">
      <Filter>src\tools\ta_regtest</Filter>
    </ClCompile>
    <ClCompile Include="..\..\..\..\src\tools\ta_regtest\ta_test_func\test_1in_1out.c">
      <Filter>src\tools\ta_regtest\ta_test_func</Filter>
    </ClCompile>
    <ClCompile Include="..\..\..\..\src\tools\ta_regtest\ta_test_func\test_1in_2out.c">
      <Filter>src\tools\ta_regtest\ta_test_func</Filter>
    </ClCompile>
    <ClCompile Include="..\..\..\..\src\tools\ta_regtest\ta_test_func\test_adx.c">
      <Filter>src\tools\ta_regtest\ta_test_func</Filter>
    </ClCompile>
    <ClCompile Include="..\..\..\..\src\tools\ta_regtest\ta_test_func\test_bbands.c">
      <Filter>src\tools\ta_regtest\ta_test_func</Filter>
    </ClCompile>
    <ClCompile Include="..\..\..\..\src\tools\ta_regtest\ta_test_func\test_candlestick.c">
      <Filter>src\tools\ta_regtest\ta_test_func</Filter>
    </ClCompile>
    <ClCompile Include="..\..\..\..\src\tools\ta_regtest\ta_test_func\test_ma.c">
      <Filter>src\tools\ta_regtest\ta_test_func</Filter>
    </ClCompile>
    <ClCompile Include="..\..\..\..\src\tools\ta_regtest\ta_test_func\test_macd.c">
      <Filter>src\tools\ta_regtest\ta_test_func</Filter>
    </ClCompile>
    <ClCompile Include="..\..\..\..\src\tools\ta_regtest\ta_test_func\test_minmax.c">
      <Filter>src\tools\ta_regtest\ta_test_func</Filter>
    </ClCompile>
    <ClCompile Include="..\..\..\..\src\tools\ta_regtest\ta_test_func\test_mom.c">
      <Filter>src\tools\ta_regtest\ta_test_func</Filter>
    </ClCompile>
    <ClCompile Include="..\..\..\..\src\tools\ta_regtest\ta_test_func\test_per_ema.c">
      <Filter>src\tools\ta_regtest\ta_test_func</Filter>
    </ClCompile>
    <ClCompile Include="..\..\..\..\src\tools\ta_regtest\ta_test_func\test_per_hl.c">
      <Filter>src\tools\ta_regtest\ta_test_func</Filter>
    </ClCompile>
    <ClCompile Include="..\..\..\..\src\tools\ta_regtest\ta_test_func\test_per_hlc.c">
      <Filter>src\tools\ta_regtest\ta_test_func</Filter>
    </ClCompile>
    <ClCompile Include="..\..\..\..\src\tools\ta_regtest\ta_test_func\test_per_hlcv.c">
      <Filter>src\tools\ta_regtest\ta_test_func</Filter>
    </ClCompile>
    <ClCompile Include="..\..\..\..\src\tools\ta_regtest\ta_test_func\test_per_ohlc.c">
      <Filter>src\tools\ta_regtest\ta_test_func</Filter>
    </ClCompile>
    <ClCompile Include="..\..\..\..\src\tools\ta_regtest\ta_test_func\test_po.c">
      <Filter>src\tools\ta_regtest\ta_test_func</Filter>
    </ClCompile>
    <ClCompile Include="..\..\..\..\src\tools\ta_regtest\ta_test_func\test_rsi.c">
      <Filter>src\tools\ta_regtest\ta_test_func</Filter>
    </ClCompile>
    <ClCompile Include="..\..\..\..\src\tools\ta_regtest\ta_test_func\test_sar.c">
      <Filter>src\tools\ta_regtest\ta_test_func</Filter>
    </ClCompile>
    <ClCompile Include="..\..\..\..\src\tools\ta_regtest\ta_test_func\test_stddev.c">
      <Filter>src\tools\ta_regtest\ta_test_func</Filter>
    </ClCompile>
    <ClCompile Include="..\..\..\..\src\tools\ta_regtest\ta_test_func\test_stoch.c">
      <Filter>src\tools\ta_regtest\ta_test_func</Filter>
    </ClCompile>
    <ClCompile Include="..\..\..\..\src\tools\ta_regtest\ta_test_func\test_trange.c">
      <Filter>src\tools\ta_regtest\ta_test_func</Filter>
    </ClCompile>
  </ItemGroup>
</Project>